
Microsoft Visual Studio Solution File, Format Version 12.00
# Visual Studio Version 17
VisualStudioVersion = 17.5.002.0
MinimumVisualStudioVersion = 10.0.40219.1
Project("{9A19103F-16F7-4668-BE54-9A1E7A4F7556}") = "ProjectManagementApp", "ProjectManagementApp.csproj", "{54459019-0545-43BD-9858-139374824CFC}"
EndProject
Global
	GlobalSection(SolutionConfigurationPlatforms) = preSolution
		Debug|Any CPU = Debug|Any CPU
		Release|Any CPU = Release|Any CPU
	EndGlobalSection
	GlobalSection(ProjectConfigurationPlatforms) = postSolution
		{54459019-0545-43BD-9858-139374824CFC}.Debug|Any CPU.ActiveCfg = Debug|Any CPU
		{54459019-0545-43BD-9858-139374824CFC}.Debug|Any CPU.Build.0 = Debug|Any CPU
		{54459019-0545-43BD-9858-139374824CFC}.Release|Any CPU.ActiveCfg = Release|Any CPU
		{54459019-0545-43BD-9858-139374824CFC}.Release|Any CPU.Build.0 = Release|Any CPU
	EndGlobalSection
	GlobalSection(SolutionProperties) = preSolution
		HideSolutionNode = FALSE
	EndGlobalSection
	GlobalSection(ExtensibilityGlobals) = postSolution
		SolutionGuid = {48AB53A7-33DC-45C7-B981-1A862C91B57F}
	EndGlobalSection
EndGlobal
