
Microsoft Visual Studio Solution File, Format Version 12.00
# Visual Studio Version 17
VisualStudioVersion = 17.5.002.0
MinimumVisualStudioVersion = 10.0.40219.1
Project("{9A19103F-16F7-4668-BE54-9A1E7A4F7556}") = "ProjectManagementApp", "ProjectManagementApp.csproj", "{D625C759-A6AF-4869-8C50-66B687F88AAB}"
EndProject
Global
	GlobalSection(SolutionConfigurationPlatforms) = preSolution
		Debug|Any CPU = Debug|Any CPU
		Release|Any CPU = Release|Any CPU
	EndGlobalSection
	GlobalSection(ProjectConfigurationPlatforms) = postSolution
		{D625C759-A6AF-4869-8C50-66B687F88AAB}.Debug|Any CPU.ActiveCfg = Debug|Any CPU
		{D625C759-A6AF-4869-8C50-66B687F88AAB}.Debug|Any CPU.Build.0 = Debug|Any CPU
		{D625C759-A6AF-4869-8C50-66B687F88AAB}.Release|Any CPU.ActiveCfg = Release|Any CPU
		{D625C759-A6AF-4869-8C50-66B687F88AAB}.Release|Any CPU.Build.0 = Release|Any CPU
	EndGlobalSection
	GlobalSection(SolutionProperties) = preSolution
		HideSolutionNode = FALSE
	EndGlobalSection
	GlobalSection(ExtensibilityGlobals) = postSolution
		SolutionGuid = {0F942195-269B-473B-A215-800B0C828D03}
	EndGlobalSection
EndGlobal
